
Microsoft Visual Studio Solution File, Format Version 12.00
# Visual Studio 14
VisualStudioVersion = 14.0.25123.0
MinimumVisualStudioVersion = 12.0.21005.1


Project("{FAE04EC0-301F-11D3-BF4B-00C04F79EFBC}") = "DummyQAAddin", "DummyQAAddin\DummyQAAddin.csproj", "{00A51CBB-BE91-4AB2-96E3-2742F91F95FD}"
EndProject
Global
	GlobalSection(SolutionConfigurationPlatforms) = preSolution
		Debug|Any CPU = Debug|Any CPU
		Release|Any CPU = Release|Any CPU
	EndGlobalSection
	GlobalSection(ProjectConfigurationPlatforms) = postSolution
		{00A51CBB-BE91-4AB2-96E3-2742F91F95FD}.Debug|Any CPU.ActiveCfg = Debug|Any CPU
		{00A51CBB-BE91-4AB2-96E3-2742F91F95FD}.Debug|Any CPU.Build.0 = Debug|Any CPU
		{00A51CBB-BE91-4AB2-96E3-2742F91F95FD}.Release|Any CPU.ActiveCfg = Release|Any CPU
		{00A51CBB-BE91-4AB2-96E3-2742F91F95FD}.Release|Any CPU.Build.0 = Release|Any CPU
	EndGlobalSection
	GlobalSection(SolutionProperties) = preSolution
		HideSolutionNode = FALSE
	EndGlobalSection
EndGlobal
